
Microsoft Visual Studio Solution File, Format Version 12.00
# Visual Studio 14
VisualStudioVersion = 14.0.24720.0
MinimumVisualStudioVersion = 10.0.40219.1
Project("{FAE04EC0-301F-11D3-BF4B-00C04F79EFBC}") = "RobotArm", "RobotArm\RobotArm.csproj", "{DCCDFBB1-25E0-4946-BB22-1A614988A59A}"
EndProject
Project("{FAE04EC0-301F-11D3-BF4B-00C04F79EFBC}") = "TestRobotArm", "TestRobotArm\TestRobotArm.csproj", "{C0CA2604-23B9-4C90-A179-75532D3784FE}"
EndProject
Project("{FAE04EC0-301F-11D3-BF4B-00C04F79EFBC}") = "RobotArmUI", "RobotArmUI\RobotArmUI.csproj", "{623F3B7D-5CE2-4A9E-9BB0-F4E387B86766}"
EndProject
Global
	GlobalSection(SolutionConfigurationPlatforms) = preSolution
		Debug|Any CPU = Debug|Any CPU
		Release|Any CPU = Release|Any CPU
	EndGlobalSection
	GlobalSection(ProjectConfigurationPlatforms) = postSolution
		{DCCDFBB1-25E0-4946-BB22-1A614988A59A}.Debug|Any CPU.ActiveCfg = Debug|Any CPU
		{DCCDFBB1-25E0-4946-BB22-1A614988A59A}.Debug|Any CPU.Build.0 = Debug|Any CPU
		{DCCDFBB1-25E0-4946-BB22-1A614988A59A}.Release|Any CPU.ActiveCfg = Release|Any CPU
		{DCCDFBB1-25E0-4946-BB22-1A614988A59A}.Release|Any CPU.Build.0 = Release|Any CPU
		{C0CA2604-23B9-4C90-A179-75532D3784FE}.Debug|Any CPU.ActiveCfg = Debug|Any CPU
		{C0CA2604-23B9-4C90-A179-75532D3784FE}.Debug|Any CPU.Build.0 = Debug|Any CPU
		{C0CA2604-23B9-4C90-A179-75532D3784FE}.Release|Any CPU.ActiveCfg = Release|Any CPU
		{C0CA2604-23B9-4C90-A179-75532D3784FE}.Release|Any CPU.Build.0 = Release|Any CPU
		{623F3B7D-5CE2-4A9E-9BB0-F4E387B86766}.Debug|Any CPU.ActiveCfg = Debug|Any CPU
		{623F3B7D-5CE2-4A9E-9BB0-F4E387B86766}.Debug|Any CPU.Build.0 = Debug|Any CPU
		{623F3B7D-5CE2-4A9E-9BB0-F4E387B86766}.Release|Any CPU.ActiveCfg = Release|Any CPU
		{623F3B7D-5CE2-4A9E-9BB0-F4E387B86766}.Release|Any CPU.Build.0 = Release|Any CPU
	EndGlobalSection
	GlobalSection(SolutionProperties) = preSolution
		HideSolutionNode = FALSE
	EndGlobalSection
EndGlobal
